
Microsoft Visual Studio Solution File, Format Version 12.00
# Visual Studio Version 17
VisualStudioVersion = 17.7.33808.371
MinimumVisualStudioVersion = 10.0.40219.1
Project("{E53339B2-1760-4266-BCC7-CA923CBCF16C}") = "docker-compose", "docker-compose.dcproj", "{4512EF54-D8C8-4B2F-9ED5-ED9073C83423}"
EndProject
Project("{2150E333-8FDC-42A3-9474-1A3956D46DE8}") = "App", "App", "{28EEE3F0-E172-4436-B00C-A364DDA6E2B7}"
	ProjectSection(SolutionItems) = preProject
		App\Dockerfile = App\Dockerfile
	EndProjectSection
EndProject
Project("{2150E333-8FDC-42A3-9474-1A3956D46DE8}") = "Libraries", "Libraries", "{97AA7A2A-31E6-48E6-B303-C26415CFA3D8}"
EndProject
Project("{9A19103F-16F7-4668-BE54-9A1E7A4F7556}") = "Empire.DataAccess", "App\Libraries\Empire.DataAccess\Empire.DataAccess.csproj", "{2D715639-78F5-4636-9699-C3F11C97E9D1}"
EndProject
Project("{9A19103F-16F7-4668-BE54-9A1E7A4F7556}") = "Empire.Models", "App\Libraries\Empire.Models\Empire.Models.csproj", "{A6334285-62FF-45AB-9435-F1866115BD62}"
EndProject
Project("{9A19103F-16F7-4668-BE54-9A1E7A4F7556}") = "Empire.Services", "App\Libraries\Empire.Services\Empire.Services.csproj", "{72AEAE29-C727-4108-A828-9EDE5EB3DBAD}"
EndProject
Project("{9A19103F-16F7-4668-BE54-9A1E7A4F7556}") = "Empire.Utilities", "App\Libraries\Empire.Utilities\Empire.Utilities.csproj", "{048C51E2-EA16-4166-A935-07DCD213E47F}"
EndProject
Project("{9A19103F-16F7-4668-BE54-9A1E7A4F7556}") = "EmpireApp", "App\EmpireApp\EmpireApp.csproj", "{324D1B6A-5697-4798-97D5-975D32853177}"
EndProject
Global
	GlobalSection(SolutionConfigurationPlatforms) = preSolution
		Debug|Any CPU = Debug|Any CPU
		Release|Any CPU = Release|Any CPU
	EndGlobalSection
	GlobalSection(ProjectConfigurationPlatforms) = postSolution
		{4512EF54-D8C8-4B2F-9ED5-ED9073C83423}.Debug|Any CPU.ActiveCfg = Debug|Any CPU
		{4512EF54-D8C8-4B2F-9ED5-ED9073C83423}.Debug|Any CPU.Build.0 = Debug|Any CPU
		{4512EF54-D8C8-4B2F-9ED5-ED9073C83423}.Release|Any CPU.ActiveCfg = Release|Any CPU
		{4512EF54-D8C8-4B2F-9ED5-ED9073C83423}.Release|Any CPU.Build.0 = Release|Any CPU
		{2D715639-78F5-4636-9699-C3F11C97E9D1}.Debug|Any CPU.ActiveCfg = Debug|Any CPU
		{2D715639-78F5-4636-9699-C3F11C97E9D1}.Debug|Any CPU.Build.0 = Debug|Any CPU
		{2D715639-78F5-4636-9699-C3F11C97E9D1}.Release|Any CPU.ActiveCfg = Release|Any CPU
		{2D715639-78F5-4636-9699-C3F11C97E9D1}.Release|Any CPU.Build.0 = Release|Any CPU
		{A6334285-62FF-45AB-9435-F1866115BD62}.Debug|Any CPU.ActiveCfg = Debug|Any CPU
		{A6334285-62FF-45AB-9435-F1866115BD62}.Debug|Any CPU.Build.0 = Debug|Any CPU
		{A6334285-62FF-45AB-9435-F1866115BD62}.Release|Any CPU.ActiveCfg = Release|Any CPU
		{A6334285-62FF-45AB-9435-F1866115BD62}.Release|Any CPU.Build.0 = Release|Any CPU
		{72AEAE29-C727-4108-A828-9EDE5EB3DBAD}.Debug|Any CPU.ActiveCfg = Debug|Any CPU
		{72AEAE29-C727-4108-A828-9EDE5EB3DBAD}.Debug|Any CPU.Build.0 = Debug|Any CPU
		{72AEAE29-C727-4108-A828-9EDE5EB3DBAD}.Release|Any CPU.ActiveCfg = Release|Any CPU
		{72AEAE29-C727-4108-A828-9EDE5EB3DBAD}.Release|Any CPU.Build.0 = Release|Any CPU
		{048C51E2-EA16-4166-A935-07DCD213E47F}.Debug|Any CPU.ActiveCfg = Debug|Any CPU
		{048C51E2-EA16-4166-A935-07DCD213E47F}.Debug|Any CPU.Build.0 = Debug|Any CPU
		{048C51E2-EA16-4166-A935-07DCD213E47F}.Release|Any CPU.ActiveCfg = Release|Any CPU
		{048C51E2-EA16-4166-A935-07DCD213E47F}.Release|Any CPU.Build.0 = Release|Any CPU
		{324D1B6A-5697-4798-97D5-975D32853177}.Debug|Any CPU.ActiveCfg = Debug|Any CPU
		{324D1B6A-5697-4798-97D5-975D32853177}.Debug|Any CPU.Build.0 = Debug|Any CPU
		{324D1B6A-5697-4798-97D5-975D32853177}.Release|Any CPU.ActiveCfg = Release|Any CPU
		{324D1B6A-5697-4798-97D5-975D32853177}.Release|Any CPU.Build.0 = Release|Any CPU
	EndGlobalSection
	GlobalSection(SolutionProperties) = preSolution
		HideSolutionNode = FALSE
	EndGlobalSection
	GlobalSection(NestedProjects) = preSolution
		{97AA7A2A-31E6-48E6-B303-C26415CFA3D8} = {28EEE3F0-E172-4436-B00C-A364DDA6E2B7}
		{2D715639-78F5-4636-9699-C3F11C97E9D1} = {97AA7A2A-31E6-48E6-B303-C26415CFA3D8}
		{A6334285-62FF-45AB-9435-F1866115BD62} = {97AA7A2A-31E6-48E6-B303-C26415CFA3D8}
		{72AEAE29-C727-4108-A828-9EDE5EB3DBAD} = {97AA7A2A-31E6-48E6-B303-C26415CFA3D8}
		{048C51E2-EA16-4166-A935-07DCD213E47F} = {97AA7A2A-31E6-48E6-B303-C26415CFA3D8}
		{324D1B6A-5697-4798-97D5-975D32853177} = {28EEE3F0-E172-4436-B00C-A364DDA6E2B7}
	EndGlobalSection
	GlobalSection(ExtensibilityGlobals) = postSolution
		SolutionGuid = {E82839E8-1160-40A9-B4D2-B6DF60D00798}
	EndGlobalSection
EndGlobal
